
Microsoft Visual Studio Solution File, Format Version 12.00
# Visual Studio Version 17
VisualStudioVersion = 17.3.32804.467
MinimumVisualStudioVersion = 10.0.40219.1
Project("{9A19103F-16F7-4668-BE54-9A1E7A4F7556}") = "A4S.CaseItau.Api", "A4S.CaseItau.Api\A4S.CaseItau.Api.csproj", "{8ED34157-07D3-410F-A6A8-2995FABC5023}"
EndProject
Project("{9A19103F-16F7-4668-BE54-9A1E7A4F7556}") = "A4S.CaseItau.Domain", "A4S.CaseItau.Domain\A4S.CaseItau.Domain.csproj", "{12283B1B-1B13-4095-84E4-57C89377ACCA}"
EndProject
Project("{9A19103F-16F7-4668-BE54-9A1E7A4F7556}") = "A4S.CaseItau.Application", "A4S.CaseItau.Application\A4S.CaseItau.Application.csproj", "{336B472E-2ECE-48E3-B800-7D44AED66D32}"
EndProject
Project("{9A19103F-16F7-4668-BE54-9A1E7A4F7556}") = "A4S.CaseItau.Infra", "A4S.CaseItau.Infra\A4S.CaseItau.Infra.csproj", "{FD43AE14-49A4-4948-A63C-D1B75E3BCC8F}"
EndProject
Project("{9A19103F-16F7-4668-BE54-9A1E7A4F7556}") = "A4S.CaseItau.Core", "A4S.CaseItau.Core\A4S.CaseItau.Core.csproj", "{044BB216-EB6C-4746-B58D-3D74D57663DB}"
EndProject
Project("{9A19103F-16F7-4668-BE54-9A1E7A4F7556}") = "A4S.CaseItau.Teste", "A4S.CaseItau.Teste\A4S.CaseItau.Teste.csproj", "{EE5DC7E9-6413-4C04-A200-849A2EAB9D7B}"
EndProject
Project("{2150E333-8FDC-42A3-9474-1A3956D46DE8}") = "1 - Api", "1 - Api", "{2F08482C-8FE4-4B1F-B885-A27548947139}"
EndProject
Project("{2150E333-8FDC-42A3-9474-1A3956D46DE8}") = "2 - Application", "2 - Application", "{768DD35F-1ABA-4657-9B55-978C78BC3309}"
EndProject
Project("{2150E333-8FDC-42A3-9474-1A3956D46DE8}") = "3 - Domain", "3 - Domain", "{E54B0477-427D-4B26-975A-A5B79DB91B17}"
EndProject
Project("{2150E333-8FDC-42A3-9474-1A3956D46DE8}") = "4 - Infra", "4 - Infra", "{599025E7-241D-47BF-97F1-9E17F495A97D}"
EndProject
Project("{2150E333-8FDC-42A3-9474-1A3956D46DE8}") = "5 - Core", "5 - Core", "{0308FCE7-AE28-4C48-A85D-A0831C2ED627}"
EndProject
Project("{2150E333-8FDC-42A3-9474-1A3956D46DE8}") = "6 - Teste", "6 - Teste", "{194B0BAA-7C9B-4A08-B1F6-3FC240FA626B}"
EndProject
Project("{9A19103F-16F7-4668-BE54-9A1E7A4F7556}") = "A4S.CaseItau.HTTP", "A4S.CaseItau.HTTP\A4S.CaseItau.HTTP.csproj", "{EB0ABC58-053C-4948-9205-15889191F837}"
EndProject
Project("{9A19103F-16F7-4668-BE54-9A1E7A4F7556}") = "A4S.CaseItau.Injection", "A4S.CaseItau.Injection\A4S.CaseItau.Injection.csproj", "{1AE366D5-0B26-4703-8DBB-3609B79C5D63}"
EndProject
Project("{9A19103F-16F7-4668-BE54-9A1E7A4F7556}") = "A4S.CaseItau.Logging", "A4S.CaseItau.Logging\A4S.CaseItau.Logging.csproj", "{872397CF-2DD2-4281-89D3-40C75EE93140}"
EndProject
Global
	GlobalSection(SolutionConfigurationPlatforms) = preSolution
		Debug|Any CPU = Debug|Any CPU
		Release|Any CPU = Release|Any CPU
	EndGlobalSection
	GlobalSection(ProjectConfigurationPlatforms) = postSolution
		{8ED34157-07D3-410F-A6A8-2995FABC5023}.Debug|Any CPU.ActiveCfg = Debug|Any CPU
		{8ED34157-07D3-410F-A6A8-2995FABC5023}.Debug|Any CPU.Build.0 = Debug|Any CPU
		{8ED34157-07D3-410F-A6A8-2995FABC5023}.Release|Any CPU.ActiveCfg = Release|Any CPU
		{8ED34157-07D3-410F-A6A8-2995FABC5023}.Release|Any CPU.Build.0 = Release|Any CPU
		{12283B1B-1B13-4095-84E4-57C89377ACCA}.Debug|Any CPU.ActiveCfg = Debug|Any CPU
		{12283B1B-1B13-4095-84E4-57C89377ACCA}.Debug|Any CPU.Build.0 = Debug|Any CPU
		{12283B1B-1B13-4095-84E4-57C89377ACCA}.Release|Any CPU.ActiveCfg = Release|Any CPU
		{12283B1B-1B13-4095-84E4-57C89377ACCA}.Release|Any CPU.Build.0 = Release|Any CPU
		{336B472E-2ECE-48E3-B800-7D44AED66D32}.Debug|Any CPU.ActiveCfg = Debug|Any CPU
		{336B472E-2ECE-48E3-B800-7D44AED66D32}.Debug|Any CPU.Build.0 = Debug|Any CPU
		{336B472E-2ECE-48E3-B800-7D44AED66D32}.Release|Any CPU.ActiveCfg = Release|Any CPU
		{336B472E-2ECE-48E3-B800-7D44AED66D32}.Release|Any CPU.Build.0 = Release|Any CPU
		{FD43AE14-49A4-4948-A63C-D1B75E3BCC8F}.Debug|Any CPU.ActiveCfg = Debug|Any CPU
		{FD43AE14-49A4-4948-A63C-D1B75E3BCC8F}.Debug|Any CPU.Build.0 = Debug|Any CPU
		{FD43AE14-49A4-4948-A63C-D1B75E3BCC8F}.Release|Any CPU.ActiveCfg = Release|Any CPU
		{FD43AE14-49A4-4948-A63C-D1B75E3BCC8F}.Release|Any CPU.Build.0 = Release|Any CPU
		{044BB216-EB6C-4746-B58D-3D74D57663DB}.Debug|Any CPU.ActiveCfg = Debug|Any CPU
		{044BB216-EB6C-4746-B58D-3D74D57663DB}.Debug|Any CPU.Build.0 = Debug|Any CPU
		{044BB216-EB6C-4746-B58D-3D74D57663DB}.Release|Any CPU.ActiveCfg = Release|Any CPU
		{044BB216-EB6C-4746-B58D-3D74D57663DB}.Release|Any CPU.Build.0 = Release|Any CPU
		{EE5DC7E9-6413-4C04-A200-849A2EAB9D7B}.Debug|Any CPU.ActiveCfg = Debug|Any CPU
		{EE5DC7E9-6413-4C04-A200-849A2EAB9D7B}.Debug|Any CPU.Build.0 = Debug|Any CPU
		{EE5DC7E9-6413-4C04-A200-849A2EAB9D7B}.Release|Any CPU.ActiveCfg = Release|Any CPU
		{EE5DC7E9-6413-4C04-A200-849A2EAB9D7B}.Release|Any CPU.Build.0 = Release|Any CPU
		{EB0ABC58-053C-4948-9205-15889191F837}.Debug|Any CPU.ActiveCfg = Debug|Any CPU
		{EB0ABC58-053C-4948-9205-15889191F837}.Debug|Any CPU.Build.0 = Debug|Any CPU
		{EB0ABC58-053C-4948-9205-15889191F837}.Release|Any CPU.ActiveCfg = Release|Any CPU
		{EB0ABC58-053C-4948-9205-15889191F837}.Release|Any CPU.Build.0 = Release|Any CPU
		{1AE366D5-0B26-4703-8DBB-3609B79C5D63}.Debug|Any CPU.ActiveCfg = Debug|Any CPU
		{1AE366D5-0B26-4703-8DBB-3609B79C5D63}.Debug|Any CPU.Build.0 = Debug|Any CPU
		{1AE366D5-0B26-4703-8DBB-3609B79C5D63}.Release|Any CPU.ActiveCfg = Release|Any CPU
		{1AE366D5-0B26-4703-8DBB-3609B79C5D63}.Release|Any CPU.Build.0 = Release|Any CPU
		{872397CF-2DD2-4281-89D3-40C75EE93140}.Debug|Any CPU.ActiveCfg = Debug|Any CPU
		{872397CF-2DD2-4281-89D3-40C75EE93140}.Debug|Any CPU.Build.0 = Debug|Any CPU
		{872397CF-2DD2-4281-89D3-40C75EE93140}.Release|Any CPU.ActiveCfg = Release|Any CPU
		{872397CF-2DD2-4281-89D3-40C75EE93140}.Release|Any CPU.Build.0 = Release|Any CPU
	EndGlobalSection
	GlobalSection(SolutionProperties) = preSolution
		HideSolutionNode = FALSE
	EndGlobalSection
	GlobalSection(NestedProjects) = preSolution
		{8ED34157-07D3-410F-A6A8-2995FABC5023} = {2F08482C-8FE4-4B1F-B885-A27548947139}
		{12283B1B-1B13-4095-84E4-57C89377ACCA} = {E54B0477-427D-4B26-975A-A5B79DB91B17}
		{336B472E-2ECE-48E3-B800-7D44AED66D32} = {768DD35F-1ABA-4657-9B55-978C78BC3309}
		{FD43AE14-49A4-4948-A63C-D1B75E3BCC8F} = {599025E7-241D-47BF-97F1-9E17F495A97D}
		{044BB216-EB6C-4746-B58D-3D74D57663DB} = {0308FCE7-AE28-4C48-A85D-A0831C2ED627}
		{EE5DC7E9-6413-4C04-A200-849A2EAB9D7B} = {194B0BAA-7C9B-4A08-B1F6-3FC240FA626B}
		{EB0ABC58-053C-4948-9205-15889191F837} = {0308FCE7-AE28-4C48-A85D-A0831C2ED627}
		{1AE366D5-0B26-4703-8DBB-3609B79C5D63} = {0308FCE7-AE28-4C48-A85D-A0831C2ED627}
		{872397CF-2DD2-4281-89D3-40C75EE93140} = {0308FCE7-AE28-4C48-A85D-A0831C2ED627}
	EndGlobalSection
	GlobalSection(ExtensibilityGlobals) = postSolution
		SolutionGuid = {53EDE9D4-ECA1-4644-AFE5-45B2DB362DBD}
	EndGlobalSection
EndGlobal
