
Microsoft Visual Studio Solution File, Format Version 12.00
# Visual Studio Version 17
VisualStudioVersion = 17.3.32804.467
MinimumVisualStudioVersion = 10.0.40219.1
Project("{2150E333-8FDC-42A3-9474-1A3956D46DE8}") = "1 - Api", "1 - Api", "{D5D83E04-196D-4E41-8E38-60D33409C05B}"
EndProject
Project("{2150E333-8FDC-42A3-9474-1A3956D46DE8}") = "2 - Application", "2 - Application", "{1592A48D-9268-4DE0-B85C-1FE12FB3B36A}"
EndProject
Project("{2150E333-8FDC-42A3-9474-1A3956D46DE8}") = "3 - Domain", "3 - Domain", "{507E4264-B757-4573-A59A-79E04E162BA9}"
EndProject
Project("{2150E333-8FDC-42A3-9474-1A3956D46DE8}") = "4 - Infra", "4 - Infra", "{06618B29-6FB0-4441-B5AC-5DA9E6E3AE22}"
EndProject
Project("{2150E333-8FDC-42A3-9474-1A3956D46DE8}") = "5 - Core", "5 - Core", "{874E2BF0-360A-4242-A09E-E04D593F84AE}"
EndProject
Project("{2150E333-8FDC-42A3-9474-1A3956D46DE8}") = "6 - Teste", "6 - Teste", "{4AC74FB9-FA98-43BA-AC64-38F43BC36430}"
EndProject
Project("{FAE04EC0-301F-11D3-BF4B-00C04F79EFBC}") = "A4S.CaseItau.CatsApi", "A4S.CaseItau.CatsApi\A4S.CaseItau.CatsApi.csproj", "{1B100E94-8FF0-4A90-963C-D8259301CC59}"
EndProject
Project("{9A19103F-16F7-4668-BE54-9A1E7A4F7556}") = "A4S.CaseItau.Application", "A4S.CaseItau.Application\A4S.CaseItau.Application.csproj", "{CC2DA256-A905-4D8F-9723-F5531F41FBCF}"
EndProject
Project("{9A19103F-16F7-4668-BE54-9A1E7A4F7556}") = "A4S.CaseItau.Domain", "A4S.CaseItau.Domain\A4S.CaseItau.Domain.csproj", "{19A93A69-A526-4DBC-8B7D-8ED5AAD183F3}"
EndProject
Project("{9A19103F-16F7-4668-BE54-9A1E7A4F7556}") = "A4S.CaseItau.Infra", "A4S.CaseItau.Infra\A4S.CaseItau.Infra.csproj", "{D50242A8-04A8-4642-9339-44FB491CBDE4}"
EndProject
Project("{9A19103F-16F7-4668-BE54-9A1E7A4F7556}") = "A4S.CaseItau.Core", "A4S.CaseItau.Core\A4S.CaseItau.Core.csproj", "{1D0A06CD-BA86-4B07-BC68-6363F3324914}"
EndProject
Project("{9A19103F-16F7-4668-BE54-9A1E7A4F7556}") = "A4S.CaseItau.HTTP", "A4S.CaseItau.HTTP\A4S.CaseItau.HTTP.csproj", "{49B694BD-475E-4621-86DF-B9D591676190}"
EndProject
Project("{9A19103F-16F7-4668-BE54-9A1E7A4F7556}") = "A4S.CaseItau.Injection", "A4S.CaseItau.Injection\A4S.CaseItau.Injection.csproj", "{8597A052-F67C-4BCC-B141-94EDFF9172FF}"
EndProject
Project("{9A19103F-16F7-4668-BE54-9A1E7A4F7556}") = "A4S.CaseItau.Logging", "A4S.CaseItau.Logging\A4S.CaseItau.Logging.csproj", "{4F89E5FA-C1F7-4F73-A08B-E8D398E86476}"
EndProject
Project("{9A19103F-16F7-4668-BE54-9A1E7A4F7556}") = "A4S.CaseItau.Teste", "A4S.CaseItau.Teste\A4S.CaseItau.Teste.csproj", "{D11C50C7-5CBB-4599-83C3-4842B50B7A1B}"
EndProject
Global
	GlobalSection(SolutionConfigurationPlatforms) = preSolution
		Debug|Any CPU = Debug|Any CPU
		Release|Any CPU = Release|Any CPU
	EndGlobalSection
	GlobalSection(ProjectConfigurationPlatforms) = postSolution
		{1B100E94-8FF0-4A90-963C-D8259301CC59}.Debug|Any CPU.ActiveCfg = Debug|Any CPU
		{1B100E94-8FF0-4A90-963C-D8259301CC59}.Debug|Any CPU.Build.0 = Debug|Any CPU
		{1B100E94-8FF0-4A90-963C-D8259301CC59}.Release|Any CPU.ActiveCfg = Release|Any CPU
		{1B100E94-8FF0-4A90-963C-D8259301CC59}.Release|Any CPU.Build.0 = Release|Any CPU
		{CC2DA256-A905-4D8F-9723-F5531F41FBCF}.Debug|Any CPU.ActiveCfg = Debug|Any CPU
		{CC2DA256-A905-4D8F-9723-F5531F41FBCF}.Debug|Any CPU.Build.0 = Debug|Any CPU
		{CC2DA256-A905-4D8F-9723-F5531F41FBCF}.Release|Any CPU.ActiveCfg = Release|Any CPU
		{CC2DA256-A905-4D8F-9723-F5531F41FBCF}.Release|Any CPU.Build.0 = Release|Any CPU
		{19A93A69-A526-4DBC-8B7D-8ED5AAD183F3}.Debug|Any CPU.ActiveCfg = Debug|Any CPU
		{19A93A69-A526-4DBC-8B7D-8ED5AAD183F3}.Debug|Any CPU.Build.0 = Debug|Any CPU
		{19A93A69-A526-4DBC-8B7D-8ED5AAD183F3}.Release|Any CPU.ActiveCfg = Release|Any CPU
		{19A93A69-A526-4DBC-8B7D-8ED5AAD183F3}.Release|Any CPU.Build.0 = Release|Any CPU
		{D50242A8-04A8-4642-9339-44FB491CBDE4}.Debug|Any CPU.ActiveCfg = Debug|Any CPU
		{D50242A8-04A8-4642-9339-44FB491CBDE4}.Debug|Any CPU.Build.0 = Debug|Any CPU
		{D50242A8-04A8-4642-9339-44FB491CBDE4}.Release|Any CPU.ActiveCfg = Release|Any CPU
		{D50242A8-04A8-4642-9339-44FB491CBDE4}.Release|Any CPU.Build.0 = Release|Any CPU
		{1D0A06CD-BA86-4B07-BC68-6363F3324914}.Debug|Any CPU.ActiveCfg = Debug|Any CPU
		{1D0A06CD-BA86-4B07-BC68-6363F3324914}.Debug|Any CPU.Build.0 = Debug|Any CPU
		{1D0A06CD-BA86-4B07-BC68-6363F3324914}.Release|Any CPU.ActiveCfg = Release|Any CPU
		{1D0A06CD-BA86-4B07-BC68-6363F3324914}.Release|Any CPU.Build.0 = Release|Any CPU
		{49B694BD-475E-4621-86DF-B9D591676190}.Debug|Any CPU.ActiveCfg = Debug|Any CPU
		{49B694BD-475E-4621-86DF-B9D591676190}.Debug|Any CPU.Build.0 = Debug|Any CPU
		{49B694BD-475E-4621-86DF-B9D591676190}.Release|Any CPU.ActiveCfg = Release|Any CPU
		{49B694BD-475E-4621-86DF-B9D591676190}.Release|Any CPU.Build.0 = Release|Any CPU
		{8597A052-F67C-4BCC-B141-94EDFF9172FF}.Debug|Any CPU.ActiveCfg = Debug|Any CPU
		{8597A052-F67C-4BCC-B141-94EDFF9172FF}.Debug|Any CPU.Build.0 = Debug|Any CPU
		{8597A052-F67C-4BCC-B141-94EDFF9172FF}.Release|Any CPU.ActiveCfg = Release|Any CPU
		{8597A052-F67C-4BCC-B141-94EDFF9172FF}.Release|Any CPU.Build.0 = Release|Any CPU
		{4F89E5FA-C1F7-4F73-A08B-E8D398E86476}.Debug|Any CPU.ActiveCfg = Debug|Any CPU
		{4F89E5FA-C1F7-4F73-A08B-E8D398E86476}.Debug|Any CPU.Build.0 = Debug|Any CPU
		{4F89E5FA-C1F7-4F73-A08B-E8D398E86476}.Release|Any CPU.ActiveCfg = Release|Any CPU
		{4F89E5FA-C1F7-4F73-A08B-E8D398E86476}.Release|Any CPU.Build.0 = Release|Any CPU
		{D11C50C7-5CBB-4599-83C3-4842B50B7A1B}.Debug|Any CPU.ActiveCfg = Debug|Any CPU
		{D11C50C7-5CBB-4599-83C3-4842B50B7A1B}.Debug|Any CPU.Build.0 = Debug|Any CPU
		{D11C50C7-5CBB-4599-83C3-4842B50B7A1B}.Release|Any CPU.ActiveCfg = Release|Any CPU
		{D11C50C7-5CBB-4599-83C3-4842B50B7A1B}.Release|Any CPU.Build.0 = Release|Any CPU
	EndGlobalSection
	GlobalSection(SolutionProperties) = preSolution
		HideSolutionNode = FALSE
	EndGlobalSection
	GlobalSection(NestedProjects) = preSolution
		{1B100E94-8FF0-4A90-963C-D8259301CC59} = {D5D83E04-196D-4E41-8E38-60D33409C05B}
		{CC2DA256-A905-4D8F-9723-F5531F41FBCF} = {1592A48D-9268-4DE0-B85C-1FE12FB3B36A}
		{19A93A69-A526-4DBC-8B7D-8ED5AAD183F3} = {507E4264-B757-4573-A59A-79E04E162BA9}
		{D50242A8-04A8-4642-9339-44FB491CBDE4} = {06618B29-6FB0-4441-B5AC-5DA9E6E3AE22}
		{1D0A06CD-BA86-4B07-BC68-6363F3324914} = {874E2BF0-360A-4242-A09E-E04D593F84AE}
		{49B694BD-475E-4621-86DF-B9D591676190} = {874E2BF0-360A-4242-A09E-E04D593F84AE}
		{8597A052-F67C-4BCC-B141-94EDFF9172FF} = {874E2BF0-360A-4242-A09E-E04D593F84AE}
		{4F89E5FA-C1F7-4F73-A08B-E8D398E86476} = {874E2BF0-360A-4242-A09E-E04D593F84AE}
		{D11C50C7-5CBB-4599-83C3-4842B50B7A1B} = {4AC74FB9-FA98-43BA-AC64-38F43BC36430}
	EndGlobalSection
	GlobalSection(ExtensibilityGlobals) = postSolution
		SolutionGuid = {DB310DF7-9A4D-4266-9ED3-283A60B3089C}
	EndGlobalSection
EndGlobal
